
Microsoft Visual Studio Solution File, Format Version 12.00
# Visual Studio Version 16
VisualStudioVersion = 16.0.31702.278
MinimumVisualStudioVersion = 10.0.40219.1
Project("{9A19103F-16F7-4668-BE54-9A1E7A4F7556}") = "HoneyApp", "HoneyApp\HoneyApp.csproj", "{9236CD6D-BF71-4BDA-B66F-A01942F9A043}"
EndProject
Project("{9A19103F-16F7-4668-BE54-9A1E7A4F7556}") = "HoneyAdminPanel", "HoneyAdminPanel\HoneyAdminPanel.csproj", "{517B85C8-BFA3-410D-9A62-50138E2C6707}"
EndProject
Project("{9A19103F-16F7-4668-BE54-9A1E7A4F7556}") = "HoneyDataBace", "HoneyDataBace\HoneyDataBace.csproj", "{969AC91D-0D75-4084-B9D5-3A6D55CC11DA}"
EndProject
Project("{9A19103F-16F7-4668-BE54-9A1E7A4F7556}") = "Enums", "Enums\Enums.csproj", "{AC37BC49-2052-425B-B91F-2644DD72875A}"
EndProject
Project("{E53339B2-1760-4266-BCC7-CA923CBCF16C}") = "docker-compose", "docker-compose.dcproj", "{9BBDC49B-4AF0-49A6-9C61-C79FE47FB5B1}"
EndProject
Global
	GlobalSection(SolutionConfigurationPlatforms) = preSolution
		Debug|Any CPU = Debug|Any CPU
		Release|Any CPU = Release|Any CPU
	EndGlobalSection
	GlobalSection(ProjectConfigurationPlatforms) = postSolution
		{9236CD6D-BF71-4BDA-B66F-A01942F9A043}.Debug|Any CPU.ActiveCfg = Debug|Any CPU
		{9236CD6D-BF71-4BDA-B66F-A01942F9A043}.Debug|Any CPU.Build.0 = Debug|Any CPU
		{9236CD6D-BF71-4BDA-B66F-A01942F9A043}.Release|Any CPU.ActiveCfg = Release|Any CPU
		{9236CD6D-BF71-4BDA-B66F-A01942F9A043}.Release|Any CPU.Build.0 = Release|Any CPU
		{517B85C8-BFA3-410D-9A62-50138E2C6707}.Debug|Any CPU.ActiveCfg = Debug|Any CPU
		{517B85C8-BFA3-410D-9A62-50138E2C6707}.Debug|Any CPU.Build.0 = Debug|Any CPU
		{517B85C8-BFA3-410D-9A62-50138E2C6707}.Release|Any CPU.ActiveCfg = Release|Any CPU
		{517B85C8-BFA3-410D-9A62-50138E2C6707}.Release|Any CPU.Build.0 = Release|Any CPU
		{969AC91D-0D75-4084-B9D5-3A6D55CC11DA}.Debug|Any CPU.ActiveCfg = Debug|Any CPU
		{969AC91D-0D75-4084-B9D5-3A6D55CC11DA}.Debug|Any CPU.Build.0 = Debug|Any CPU
		{969AC91D-0D75-4084-B9D5-3A6D55CC11DA}.Release|Any CPU.ActiveCfg = Release|Any CPU
		{969AC91D-0D75-4084-B9D5-3A6D55CC11DA}.Release|Any CPU.Build.0 = Release|Any CPU
		{AC37BC49-2052-425B-B91F-2644DD72875A}.Debug|Any CPU.ActiveCfg = Debug|Any CPU
		{AC37BC49-2052-425B-B91F-2644DD72875A}.Debug|Any CPU.Build.0 = Debug|Any CPU
		{AC37BC49-2052-425B-B91F-2644DD72875A}.Release|Any CPU.ActiveCfg = Release|Any CPU
		{AC37BC49-2052-425B-B91F-2644DD72875A}.Release|Any CPU.Build.0 = Release|Any CPU
		{9BBDC49B-4AF0-49A6-9C61-C79FE47FB5B1}.Debug|Any CPU.ActiveCfg = Debug|Any CPU
		{9BBDC49B-4AF0-49A6-9C61-C79FE47FB5B1}.Debug|Any CPU.Build.0 = Debug|Any CPU
		{9BBDC49B-4AF0-49A6-9C61-C79FE47FB5B1}.Release|Any CPU.ActiveCfg = Release|Any CPU
		{9BBDC49B-4AF0-49A6-9C61-C79FE47FB5B1}.Release|Any CPU.Build.0 = Release|Any CPU
	EndGlobalSection
	GlobalSection(SolutionProperties) = preSolution
		HideSolutionNode = FALSE
	EndGlobalSection
	GlobalSection(ExtensibilityGlobals) = postSolution
		SolutionGuid = {D2CD7144-EF80-4D27-A89E-F2A61A6CB2D5}
	EndGlobalSection
EndGlobal
